// !$*UTF8*$!
{
	archiveVersion = 1;
	classes = {
	};
	objectVersion = 46;
	objects = {

/* Begin PBXBuildFile section */
		D9123DC41DB54EE00096A2AE /* AppDelegate.swift in Sources */ = {isa = PBXBuildFile; fileRef = D9123DC31DB54EE00096A2AE /* AppDelegate.swift */; };
		D9123DC91DB54EE00096A2AE /* Main.storyboard in Resources */ = {isa = PBXBuildFile; fileRef = D9123DC71DB54EE00096A2AE /* Main.storyboard */; };
		D9123DCB1DB54EE00096A2AE /* Assets.xcassets in Resources */ = {isa = PBXBuildFile; fileRef = D9123DCA1DB54EE00096A2AE /* Assets.xcassets */; };
		D9123DCE1DB54EE00096A2AE /* LaunchScreen.storyboard in Resources */ = {isa = PBXBuildFile; fileRef = D9123DCC1DB54EE00096A2AE /* LaunchScreen.storyboard */; };
		D9123DDB1DB55A360096A2AE /* ItemCollectionViewController.swift in Sources */ = {isa = PBXBuildFile; fileRef = D9123DDA1DB55A360096A2AE /* ItemCollectionViewController.swift */; };
		D9123DDD1DB55A5F0096A2AE /* ItemCollectionViewCell.swift in Sources */ = {isa = PBXBuildFile; fileRef = D9123DDC1DB55A5F0096A2AE /* ItemCollectionViewCell.swift */; };
		D9123DE11DB569F80096A2AE /* Item.swift in Sources */ = {isa = PBXBuildFile; fileRef = D9123DE01DB569F80096A2AE /* Item.swift */; };
		D929BF0E1DC2A19F00964AE7 /* NotificationViewController.swift in Sources */ = {isa = PBXBuildFile; fileRef = D929BF0D1DC2A19F00964AE7 /* NotificationViewController.swift */; };
		D929BF101DC2C3C100964AE7 /* NotificationTableViewCell.swift in Sources */ = {isa = PBXBuildFile; fileRef = D929BF0F1DC2C3C100964AE7 /* NotificationTableViewCell.swift */; };
		D95C7C0C1DC8699500830179 /* MyItemsTableViewController.swift in Sources */ = {isa = PBXBuildFile; fileRef = D95C7C0B1DC8699500830179 /* MyItemsTableViewController.swift */; };
		D95C7C0E1DC86BF000830179 /* MyItemsTableViewCell.swift in Sources */ = {isa = PBXBuildFile; fileRef = D95C7C0D1DC86BF000830179 /* MyItemsTableViewCell.swift */; };
		D97634691DB94619004BAE4D /* LocationManager.swift in Sources */ = {isa = PBXBuildFile; fileRef = D97634681DB94619004BAE4D /* LocationManager.swift */; };
		D97A56381DB576040090C25A /* PostItemViewController.swift in Sources */ = {isa = PBXBuildFile; fileRef = D97A56371DB576040090C25A /* PostItemViewController.swift */; };
		D97A563A1DB57F6D0090C25A /* GoogleService-Info.plist in Resources */ = {isa = PBXBuildFile; fileRef = D97A56391DB57F6D0090C25A /* GoogleService-Info.plist */; };
		D98718BC1DBE8B0800D12ECE /* TabBarViewController.swift in Sources */ = {isa = PBXBuildFile; fileRef = D98718BB1DBE8B0800D12ECE /* TabBarViewController.swift */; };
		D98B11771DB68CF50050FEA6 /* ItemDetailViewController.swift in Sources */ = {isa = PBXBuildFile; fileRef = D98B11761DB68CF50050FEA6 /* ItemDetailViewController.swift */; };
		D99B88531DB69EF100CE9912 /* LoginViewController.swift in Sources */ = {isa = PBXBuildFile; fileRef = D99B88521DB69EF100CE9912 /* LoginViewController.swift */; };
		D99D18731DBECB9800A284BC /* UserProfileViewController.swift in Sources */ = {isa = PBXBuildFile; fileRef = D99D18721DBECB9800A284BC /* UserProfileViewController.swift */; };
		D99D18751DBECE6400A284BC /* User.swift in Sources */ = {isa = PBXBuildFile; fileRef = D99D18741DBECE6400A284BC /* User.swift */; };
		D99D18771DBED11400A284BC /* ProfileImageViewCell.swift in Sources */ = {isa = PBXBuildFile; fileRef = D99D18761DBED11400A284BC /* ProfileImageViewCell.swift */; };
		D99D18791DBEDCA700A284BC /* LogoutTableViewCell.swift in Sources */ = {isa = PBXBuildFile; fileRef = D99D18781DBEDCA700A284BC /* LogoutTableViewCell.swift */; };
		D99D187B1DBFF58900A284BC /* JSONAble.swift in Sources */ = {isa = PBXBuildFile; fileRef = D99D187A1DBFF58900A284BC /* JSONAble.swift */; };
		D99D187F1DC0275500A284BC /* TradeListViewController.swift in Sources */ = {isa = PBXBuildFile; fileRef = D99D187E1DC0275500A284BC /* TradeListViewController.swift */; };
		D99D18811DC0287200A284BC /* TradeListCollectionViewCell.swift in Sources */ = {isa = PBXBuildFile; fileRef = D99D18801DC0287200A284BC /* TradeListCollectionViewCell.swift */; };
		D99D18851DC1363100A284BC /* CellHasDownloadTask.swift in Sources */ = {isa = PBXBuildFile; fileRef = D99D18841DC1363100A284BC /* CellHasDownloadTask.swift */; };
		D9CAE86F1DBEC3EF0042E005 /* UIImageView.swift in Sources */ = {isa = PBXBuildFile; fileRef = D9CAE86E1DBEC3EF0042E005 /* UIImageView.swift */; };
		D9CF2E571DC7DCFC00115FAC /* SearchTableViewController.swift in Sources */ = {isa = PBXBuildFile; fileRef = D9CF2E561DC7DCFC00115FAC /* SearchTableViewController.swift */; };
		D9CF2E591DC7EC3D00115FAC /* SearchTableViewCell.swift in Sources */ = {isa = PBXBuildFile; fileRef = D9CF2E581DC7EC3D00115FAC /* SearchTableViewCell.swift */; };
		F6A8C55801706CCC21EA8E30 /* Pods_Neighbourly.framework in Frameworks */ = {isa = PBXBuildFile; fileRef = B20411CA77E3BFBB19B7A28E /* Pods_Neighbourly.framework */; };
/* End PBXBuildFile section */

/* Begin PBXFileReference section */
		5C64087F0DFC1BED6EF2B9FA /* Pods-Neighbourly.debug.xcconfig */ = {isa = PBXFileReference; includeInIndex = 1; lastKnownFileType = text.xcconfig; name = "Pods-Neighbourly.debug.xcconfig"; path = "Pods/Target Support Files/Pods-Neighbourly/Pods-Neighbourly.debug.xcconfig"; sourceTree = "<group>"; };
		B20411CA77E3BFBB19B7A28E /* Pods_Neighbourly.framework */ = {isa = PBXFileReference; explicitFileType = wrapper.framework; includeInIndex = 0; path = Pods_Neighbourly.framework; sourceTree = BUILT_PRODUCTS_DIR; };
		D9123DC01DB54EE00096A2AE /* Neighbourly.app */ = {isa = PBXFileReference; explicitFileType = wrapper.application; includeInIndex = 0; path = Neighbourly.app; sourceTree = BUILT_PRODUCTS_DIR; };
		D9123DC31DB54EE00096A2AE /* AppDelegate.swift */ = {isa = PBXFileReference; lastKnownFileType = sourcecode.swift; path = AppDelegate.swift; sourceTree = "<group>"; };
		D9123DC81DB54EE00096A2AE /* Base */ = {isa = PBXFileReference; lastKnownFileType = file.storyboard; name = Base; path = Base.lproj/Main.storyboard; sourceTree = "<group>"; };
		D9123DCA1DB54EE00096A2AE /* Assets.xcassets */ = {isa = PBXFileReference; lastKnownFileType = folder.assetcatalog; path = Assets.xcassets; sourceTree = "<group>"; };
		D9123DCD1DB54EE00096A2AE /* Base */ = {isa = PBXFileReference; lastKnownFileType = file.storyboard; name = Base; path = Base.lproj/LaunchScreen.storyboard; sourceTree = "<group>"; };
		D9123DCF1DB54EE00096A2AE /* Info.plist */ = {isa = PBXFileReference; lastKnownFileType = text.plist.xml; path = Info.plist; sourceTree = "<group>"; };
		D9123DDA1DB55A360096A2AE /* ItemCollectionViewController.swift */ = {isa = PBXFileReference; fileEncoding = 4; lastKnownFileType = sourcecode.swift; path = ItemCollectionViewController.swift; sourceTree = "<group>"; };
		D9123DDC1DB55A5F0096A2AE /* ItemCollectionViewCell.swift */ = {isa = PBXFileReference; fileEncoding = 4; lastKnownFileType = sourcecode.swift; path = ItemCollectionViewCell.swift; sourceTree = "<group>"; };
		D9123DE01DB569F80096A2AE /* Item.swift */ = {isa = PBXFileReference; fileEncoding = 4; lastKnownFileType = sourcecode.swift; path = Item.swift; sourceTree = "<group>"; };
		D929BF0D1DC2A19F00964AE7 /* NotificationViewController.swift */ = {isa = PBXFileReference; fileEncoding = 4; lastKnownFileType = sourcecode.swift; path = NotificationViewController.swift; sourceTree = "<group>"; };
		D929BF0F1DC2C3C100964AE7 /* NotificationTableViewCell.swift */ = {isa = PBXFileReference; fileEncoding = 4; lastKnownFileType = sourcecode.swift; path = NotificationTableViewCell.swift; sourceTree = "<group>"; };
		D94A39AB1DB6A7C200FA12C1 /* Neighbourly-Bridging-Header.h */ = {isa = PBXFileReference; lastKnownFileType = sourcecode.c.h; path = "Neighbourly-Bridging-Header.h"; sourceTree = "<group>"; };
		D94EC5D61DC1829900ABB1A3 /* com.kidsmoke.Neighbourly.p12 */ = {isa = PBXFileReference; lastKnownFileType = file; path = com.kidsmoke.Neighbourly.p12; sourceTree = "<group>"; };
		D95C7C0B1DC8699500830179 /* MyItemsTableViewController.swift */ = {isa = PBXFileReference; fileEncoding = 4; lastKnownFileType = sourcecode.swift; path = MyItemsTableViewController.swift; sourceTree = "<group>"; };
		D95C7C0D1DC86BF000830179 /* MyItemsTableViewCell.swift */ = {isa = PBXFileReference; fileEncoding = 4; lastKnownFileType = sourcecode.swift; path = MyItemsTableViewCell.swift; sourceTree = "<group>"; };
		D97634681DB94619004BAE4D /* LocationManager.swift */ = {isa = PBXFileReference; fileEncoding = 4; lastKnownFileType = sourcecode.swift; path = LocationManager.swift; sourceTree = "<group>"; };
		D97A56371DB576040090C25A /* PostItemViewController.swift */ = {isa = PBXFileReference; fileEncoding = 4; lastKnownFileType = sourcecode.swift; path = PostItemViewController.swift; sourceTree = "<group>"; };
		D97A56391DB57F6D0090C25A /* GoogleService-Info.plist */ = {isa = PBXFileReference; fileEncoding = 4; lastKnownFileType = text.plist.xml; path = "GoogleService-Info.plist"; sourceTree = "<group>"; };
		D98718BB1DBE8B0800D12ECE /* TabBarViewController.swift */ = {isa = PBXFileReference; fileEncoding = 4; lastKnownFileType = sourcecode.swift; path = TabBarViewController.swift; sourceTree = "<group>"; };
		D98B11761DB68CF50050FEA6 /* ItemDetailViewController.swift */ = {isa = PBXFileReference; fileEncoding = 4; lastKnownFileType = sourcecode.swift; path = ItemDetailViewController.swift; sourceTree = "<group>"; };
		D99B88521DB69EF100CE9912 /* LoginViewController.swift */ = {isa = PBXFileReference; fileEncoding = 4; lastKnownFileType = sourcecode.swift; path = LoginViewController.swift; sourceTree = "<group>"; };
		D99D18721DBECB9800A284BC /* UserProfileViewController.swift */ = {isa = PBXFileReference; fileEncoding = 4; lastKnownFileType = sourcecode.swift; path = UserProfileViewController.swift; sourceTree = "<group>"; };
		D99D18741DBECE6400A284BC /* User.swift */ = {isa = PBXFileReference; fileEncoding = 4; lastKnownFileType = sourcecode.swift; path = User.swift; sourceTree = "<group>"; };
		D99D18761DBED11400A284BC /* ProfileImageViewCell.swift */ = {isa = PBXFileReference; fileEncoding = 4; lastKnownFileType = sourcecode.swift; path = ProfileImageViewCell.swift; sourceTree = "<group>"; };
		D99D18781DBEDCA700A284BC /* LogoutTableViewCell.swift */ = {isa = PBXFileReference; fileEncoding = 4; lastKnownFileType = sourcecode.swift; path = LogoutTableViewCell.swift; sourceTree = "<group>"; };
		D99D187A1DBFF58900A284BC /* JSONAble.swift */ = {isa = PBXFileReference; fileEncoding = 4; lastKnownFileType = sourcecode.swift; path = JSONAble.swift; sourceTree = "<group>"; };
		D99D187E1DC0275500A284BC /* TradeListViewController.swift */ = {isa = PBXFileReference; fileEncoding = 4; lastKnownFileType = sourcecode.swift; path = TradeListViewController.swift; sourceTree = "<group>"; };
		D99D18801DC0287200A284BC /* TradeListCollectionViewCell.swift */ = {isa = PBXFileReference; fileEncoding = 4; lastKnownFileType = sourcecode.swift; path = TradeListCollectionViewCell.swift; sourceTree = "<group>"; };
		D99D18841DC1363100A284BC /* CellHasDownloadTask.swift */ = {isa = PBXFileReference; fileEncoding = 4; lastKnownFileType = sourcecode.swift; path = CellHasDownloadTask.swift; sourceTree = "<group>"; };
		D9CAE86D1DBEA9E80042E005 /* Neighbourly.entitlements */ = {isa = PBXFileReference; lastKnownFileType = text.plist.entitlements; path = Neighbourly.entitlements; sourceTree = "<group>"; };
		D9CAE86E1DBEC3EF0042E005 /* UIImageView.swift */ = {isa = PBXFileReference; fileEncoding = 4; lastKnownFileType = sourcecode.swift; path = UIImageView.swift; sourceTree = "<group>"; };
		D9CF2E561DC7DCFC00115FAC /* SearchTableViewController.swift */ = {isa = PBXFileReference; fileEncoding = 4; lastKnownFileType = sourcecode.swift; path = SearchTableViewController.swift; sourceTree = "<group>"; };
		D9CF2E581DC7EC3D00115FAC /* SearchTableViewCell.swift */ = {isa = PBXFileReference; fileEncoding = 4; lastKnownFileType = sourcecode.swift; path = SearchTableViewCell.swift; sourceTree = "<group>"; };
		FDC4158A40E04FFF7287ABFE /* Pods-Neighbourly.release.xcconfig */ = {isa = PBXFileReference; includeInIndex = 1; lastKnownFileType = text.xcconfig; name = "Pods-Neighbourly.release.xcconfig"; path = "Pods/Target Support Files/Pods-Neighbourly/Pods-Neighbourly.release.xcconfig"; sourceTree = "<group>"; };
/* End PBXFileReference section */

/* Begin PBXFrameworksBuildPhase section */
		D9123DBD1DB54EE00096A2AE /* Frameworks */ = {
			isa = PBXFrameworksBuildPhase;
			buildActionMask = 2147483647;
			files = (
				F6A8C55801706CCC21EA8E30 /* Pods_Neighbourly.framework in Frameworks */,
			);
			runOnlyForDeploymentPostprocessing = 0;
		};
/* End PBXFrameworksBuildPhase section */

/* Begin PBXGroup section */
		9A5D445D540A91651C7D42CF /* Pods */ = {
			isa = PBXGroup;
			children = (
				5C64087F0DFC1BED6EF2B9FA /* Pods-Neighbourly.debug.xcconfig */,
				FDC4158A40E04FFF7287ABFE /* Pods-Neighbourly.release.xcconfig */,
			);
			name = Pods;
			sourceTree = "<group>";
		};
		C37A80A099040FF9B10E81E2 /* Frameworks */ = {
			isa = PBXGroup;
			children = (
				B20411CA77E3BFBB19B7A28E /* Pods_Neighbourly.framework */,
			);
			name = Frameworks;
			sourceTree = "<group>";
		};
		D9123DB71DB54EE00096A2AE = {
			isa = PBXGroup;
			children = (
				D97A56391DB57F6D0090C25A /* GoogleService-Info.plist */,
				D9123DC21DB54EE00096A2AE /* Neighbourly */,
				D9123DC11DB54EE00096A2AE /* Products */,
				9A5D445D540A91651C7D42CF /* Pods */,
				C37A80A099040FF9B10E81E2 /* Frameworks */,
				D94A39AB1DB6A7C200FA12C1 /* Neighbourly-Bridging-Header.h */,
			);
			sourceTree = "<group>";
		};
		D9123DC11DB54EE00096A2AE /* Products */ = {
			isa = PBXGroup;
			children = (
				D9123DC01DB54EE00096A2AE /* Neighbourly.app */,
			);
			name = Products;
			sourceTree = "<group>";
		};
		D9123DC21DB54EE00096A2AE /* Neighbourly */ = {
			isa = PBXGroup;
			children = (
				D9123DD91DB54F480096A2AE /* Supporting Files */,
				D9123DC71DB54EE00096A2AE /* Main.storyboard */,
				D98718B81DBE8AB600D12ECE /* Controller */,
				D98718BA1DBE8AD200D12ECE /* View */,
				D98718B91DBE8AC500D12ECE /* Model */,
			);
			path = Neighbourly;
			sourceTree = "<group>";
		};
		D9123DD91DB54F480096A2AE /* Supporting Files */ = {
			isa = PBXGroup;
			children = (
				D94EC5D61DC1829900ABB1A3 /* com.kidsmoke.Neighbourly.p12 */,
				D9CAE86D1DBEA9E80042E005 /* Neighbourly.entitlements */,
				D9123DC31DB54EE00096A2AE /* AppDelegate.swift */,
				D9123DCA1DB54EE00096A2AE /* Assets.xcassets */,
				D9123DCC1DB54EE00096A2AE /* LaunchScreen.storyboard */,
				D9123DCF1DB54EE00096A2AE /* Info.plist */,
			);
			name = "Supporting Files";
			sourceTree = "<group>";
		};
		D98718B81DBE8AB600D12ECE /* Controller */ = {
			isa = PBXGroup;
			children = (
				D9123DDA1DB55A360096A2AE /* ItemCollectionViewController.swift */,
				D97A56371DB576040090C25A /* PostItemViewController.swift */,
				D98B11761DB68CF50050FEA6 /* ItemDetailViewController.swift */,
				D99B88521DB69EF100CE9912 /* LoginViewController.swift */,
				D98718BB1DBE8B0800D12ECE /* TabBarViewController.swift */,
				D99D18721DBECB9800A284BC /* UserProfileViewController.swift */,
				D99D187E1DC0275500A284BC /* TradeListViewController.swift */,
				D929BF0D1DC2A19F00964AE7 /* NotificationViewController.swift */,
				D9CF2E561DC7DCFC00115FAC /* SearchTableViewController.swift */,
				D95C7C0B1DC8699500830179 /* MyItemsTableViewController.swift */,
			);
			name = Controller;
			sourceTree = "<group>";
		};
		D98718B91DBE8AC500D12ECE /* Model */ = {
			isa = PBXGroup;
			children = (
				D97634681DB94619004BAE4D /* LocationManager.swift */,
				D9123DE01DB569F80096A2AE /* Item.swift */,
				D99D18741DBECE6400A284BC /* User.swift */,
				D99D187A1DBFF58900A284BC /* JSONAble.swift */,
			);
			name = Model;
			sourceTree = "<group>";
		};
		D98718BA1DBE8AD200D12ECE /* View */ = {
			isa = PBXGroup;
			children = (
				D99D18861DC136CC00A284BC /* Extensions+Protocols */,
				D95C7C0D1DC86BF000830179 /* MyItemsTableViewCell.swift */,
				D9123DDC1DB55A5F0096A2AE /* ItemCollectionViewCell.swift */,
				D99D18801DC0287200A284BC /* TradeListCollectionViewCell.swift */,
				D99D18761DBED11400A284BC /* ProfileImageViewCell.swift */,
				D99D18781DBEDCA700A284BC /* LogoutTableViewCell.swift */,
				D929BF0F1DC2C3C100964AE7 /* NotificationTableViewCell.swift */,
				D9CF2E581DC7EC3D00115FAC /* SearchTableViewCell.swift */,
			);
			name = View;
			sourceTree = "<group>";
		};
		D99D18861DC136CC00A284BC /* Extensions+Protocols */ = {
			isa = PBXGroup;
			children = (
				D9CAE86E1DBEC3EF0042E005 /* UIImageView.swift */,
				D99D18841DC1363100A284BC /* CellHasDownloadTask.swift */,
			);
			name = "Extensions+Protocols";
			sourceTree = "<group>";
		};
/* End PBXGroup section */

/* Begin PBXNativeTarget section */
		D9123DBF1DB54EE00096A2AE /* Neighbourly */ = {
			isa = PBXNativeTarget;
			buildConfigurationList = D9123DD21DB54EE00096A2AE /* Build configuration list for PBXNativeTarget "Neighbourly" */;
			buildPhases = (
				55CF7945720148B78D1EB14E /* [CP] Check Pods Manifest.lock */,
				D9123DBC1DB54EE00096A2AE /* Sources */,
				D9123DBD1DB54EE00096A2AE /* Frameworks */,
				D9123DBE1DB54EE00096A2AE /* Resources */,
				FCFF0143EAB396102CDB5EDD /* [CP] Embed Pods Frameworks */,
				C2773BE9B50AC0036DB19C37 /* [CP] Copy Pods Resources */,
			);
			buildRules = (
			);
			dependencies = (
			);
			name = Neighbourly;
			productName = Neighbourly;
			productReference = D9123DC01DB54EE00096A2AE /* Neighbourly.app */;
			productType = "com.apple.product-type.application";
		};
/* End PBXNativeTarget section */

/* Begin PBXProject section */
		D9123DB81DB54EE00096A2AE /* Project object */ = {
			isa = PBXProject;
			attributes = {
				LastSwiftUpdateCheck = 0800;
				LastUpgradeCheck = 0800;
				ORGANIZATIONNAME = "Dan Christal";
				TargetAttributes = {
					D9123DBF1DB54EE00096A2AE = {
						CreatedOnToolsVersion = 8.0;
						DevelopmentTeam = MV6A58NLUE;
						LastSwiftMigration = 0800;
						ProvisioningStyle = Automatic;
						SystemCapabilities = {
							com.apple.BackgroundModes = {
								enabled = 1;
							};
							com.apple.Keychain = {
								enabled = 1;
							};
							com.apple.Push = {
								enabled = 1;
							};
						};
					};
				};
			};
			buildConfigurationList = D9123DBB1DB54EE00096A2AE /* Build configuration list for PBXProject "Neighbourly" */;
			compatibilityVersion = "Xcode 3.2";
			developmentRegion = English;
			hasScannedForEncodings = 0;
			knownRegions = (
				en,
				Base,
			);
			mainGroup = D9123DB71DB54EE00096A2AE;
			productRefGroup = D9123DC11DB54EE00096A2AE /* Products */;
			projectDirPath = "";
			projectRoot = "";
			targets = (
				D9123DBF1DB54EE00096A2AE /* Neighbourly */,
			);
		};
/* End PBXProject section */

/* Begin PBXResourcesBuildPhase section */
		D9123DBE1DB54EE00096A2AE /* Resources */ = {
			isa = PBXResourcesBuildPhase;
			buildActionMask = 2147483647;
			files = (
				D9123DCE1DB54EE00096A2AE /* LaunchScreen.storyboard in Resources */,
				D97A563A1DB57F6D0090C25A /* GoogleService-Info.plist in Resources */,
				D9123DCB1DB54EE00096A2AE /* Assets.xcassets in Resources */,
				D9123DC91DB54EE00096A2AE /* Main.storyboard in Resources */,
			);
			runOnlyForDeploymentPostprocessing = 0;
		};
/* End PBXResourcesBuildPhase section */

/* Begin PBXShellScriptBuildPhase section */
		55CF7945720148B78D1EB14E /* [CP] Check Pods Manifest.lock */ = {
			isa = PBXShellScriptBuildPhase;
			buildActionMask = 2147483647;
			files = (
			);
			inputPaths = (
			);
			name = "[CP] Check Pods Manifest.lock";
			outputPaths = (
			);
			runOnlyForDeploymentPostprocessing = 0;
			shellPath = /bin/sh;
			shellScript = "diff \"${PODS_ROOT}/../Podfile.lock\" \"${PODS_ROOT}/Manifest.lock\" > /dev/null\nif [ $? != 0 ] ; then\n    # print error to STDERR\n    echo \"error: The sandbox is not in sync with the Podfile.lock. Run 'pod install' or update your CocoaPods installation.\" >&2\n    exit 1\nfi\n";
			showEnvVarsInLog = 0;
		};
		C2773BE9B50AC0036DB19C37 /* [CP] Copy Pods Resources */ = {
			isa = PBXShellScriptBuildPhase;
			buildActionMask = 2147483647;
			files = (
			);
			inputPaths = (
			);
			name = "[CP] Copy Pods Resources";
			outputPaths = (
			);
			runOnlyForDeploymentPostprocessing = 0;
			shellPath = /bin/sh;
			shellScript = "\"${SRCROOT}/Pods/Target Support Files/Pods-Neighbourly/Pods-Neighbourly-resources.sh\"\n";
			showEnvVarsInLog = 0;
		};
		FCFF0143EAB396102CDB5EDD /* [CP] Embed Pods Frameworks */ = {
			isa = PBXShellScriptBuildPhase;
			buildActionMask = 2147483647;
			files = (
			);
			inputPaths = (
			);
			name = "[CP] Embed Pods Frameworks";
			outputPaths = (
			);
			runOnlyForDeploymentPostprocessing = 0;
			shellPath = /bin/sh;
			shellScript = "\"${SRCROOT}/Pods/Target Support Files/Pods-Neighbourly/Pods-Neighbourly-frameworks.sh\"\n";
			showEnvVarsInLog = 0;
		};
/* End PBXShellScriptBuildPhase section */

/* Begin PBXSourcesBuildPhase section */
		D9123DBC1DB54EE00096A2AE /* Sources */ = {
			isa = PBXSourcesBuildPhase;
			buildActionMask = 2147483647;
			files = (
				D99B88531DB69EF100CE9912 /* LoginViewController.swift in Sources */,
				D9123DE11DB569F80096A2AE /* Item.swift in Sources */,
				D9123DDD1DB55A5F0096A2AE /* ItemCollectionViewCell.swift in Sources */,
				D99D187F1DC0275500A284BC /* TradeListViewController.swift in Sources */,
				D98B11771DB68CF50050FEA6 /* ItemDetailViewController.swift in Sources */,
				D98718BC1DBE8B0800D12ECE /* TabBarViewController.swift in Sources */,
				D9CAE86F1DBEC3EF0042E005 /* UIImageView.swift in Sources */,
				D97634691DB94619004BAE4D /* LocationManager.swift in Sources */,
				D99D18791DBEDCA700A284BC /* LogoutTableViewCell.swift in Sources */,
				D99D18811DC0287200A284BC /* TradeListCollectionViewCell.swift in Sources */,
				D9CF2E571DC7DCFC00115FAC /* SearchTableViewController.swift in Sources */,
				D97A56381DB576040090C25A /* PostItemViewController.swift in Sources */,
				D99D18751DBECE6400A284BC /* User.swift in Sources */,
				D929BF0E1DC2A19F00964AE7 /* NotificationViewController.swift in Sources */,
				D99D187B1DBFF58900A284BC /* JSONAble.swift in Sources */,
				D9CF2E591DC7EC3D00115FAC /* SearchTableViewCell.swift in Sources */,
				D95C7C0E1DC86BF000830179 /* MyItemsTableViewCell.swift in Sources */,
				D99D18771DBED11400A284BC /* ProfileImageViewCell.swift in Sources */,
				D9123DC41DB54EE00096A2AE /* AppDelegate.swift in Sources */,
				D929BF101DC2C3C100964AE7 /* NotificationTableViewCell.swift in Sources */,
				D99D18731DBECB9800A284BC /* UserProfileViewController.swift in Sources */,
				D95C7C0C1DC8699500830179 /* MyItemsTableViewController.swift in Sources */,
				D9123DDB1DB55A360096A2AE /* ItemCollectionViewController.swift in Sources */,
				D99D18851DC1363100A284BC /* CellHasDownloadTask.swift in Sources */,
			);
			runOnlyForDeploymentPostprocessing = 0;
		};
/* End PBXSourcesBuildPhase section */

/* Begin PBXVariantGroup section */
		D9123DC71DB54EE00096A2AE /* Main.storyboard */ = {
			isa = PBXVariantGroup;
			children = (
				D9123DC81DB54EE00096A2AE /* Base */,
			);
			name = Main.storyboard;
			sourceTree = "<group>";
		};
		D9123DCC1DB54EE00096A2AE /* LaunchScreen.storyboard */ = {
			isa = PBXVariantGroup;
			children = (
				D9123DCD1DB54EE00096A2AE /* Base */,
			);
			name = LaunchScreen.storyboard;
			sourceTree = "<group>";
		};
/* End PBXVariantGroup section */

/* Begin XCBuildConfiguration section */
		D9123DD01DB54EE00096A2AE /* Debug */ = {
			isa = XCBuildConfiguration;
			buildSettings = {
				ALWAYS_SEARCH_USER_PATHS = NO;
				CLANG_ANALYZER_NONNULL = YES;
				CLANG_CXX_LANGUAGE_STANDARD = "gnu++0x";
				CLANG_CXX_LIBRARY = "libc++";
				CLANG_ENABLE_MODULES = YES;
				CLANG_ENABLE_OBJC_ARC = YES;
				CLANG_WARN_BOOL_CONVERSION = YES;
				CLANG_WARN_CONSTANT_CONVERSION = YES;
				CLANG_WARN_DIRECT_OBJC_ISA_USAGE = YES_ERROR;
				CLANG_WARN_DOCUMENTATION_COMMENTS = YES;
				CLANG_WARN_EMPTY_BODY = YES;
				CLANG_WARN_ENUM_CONVERSION = YES;
				CLANG_WARN_INFINITE_RECURSION = YES;
				CLANG_WARN_INT_CONVERSION = YES;
				CLANG_WARN_OBJC_ROOT_CLASS = YES_ERROR;
				CLANG_WARN_SUSPICIOUS_MOVE = YES;
				CLANG_WARN_SUSPICIOUS_MOVES = YES;
				CLANG_WARN_UNREACHABLE_CODE = YES;
				CLANG_WARN__DUPLICATE_METHOD_MATCH = YES;
				"CODE_SIGN_IDENTITY[sdk=iphoneos*]" = "iPhone Developer";
				COPY_PHASE_STRIP = NO;
				DEBUG_INFORMATION_FORMAT = dwarf;
				ENABLE_STRICT_OBJC_MSGSEND = YES;
				ENABLE_TESTABILITY = YES;
				GCC_C_LANGUAGE_STANDARD = gnu99;
				GCC_DYNAMIC_NO_PIC = NO;
				GCC_NO_COMMON_BLOCKS = YES;
				GCC_OPTIMIZATION_LEVEL = 0;
				GCC_PREPROCESSOR_DEFINITIONS = (
					"DEBUG=1",
					"$(inherited)",
				);
				GCC_WARN_64_TO_32_BIT_CONVERSION = YES;
				GCC_WARN_ABOUT_RETURN_TYPE = YES_ERROR;
				GCC_WARN_UNDECLARED_SELECTOR = YES;
				GCC_WARN_UNINITIALIZED_AUTOS = YES_AGGRESSIVE;
				GCC_WARN_UNUSED_FUNCTION = YES;
				GCC_WARN_UNUSED_VARIABLE = YES;
				IPHONEOS_DEPLOYMENT_TARGET = 10.0;
				MTL_ENABLE_DEBUG_INFO = YES;
				ONLY_ACTIVE_ARCH = YES;
				SDKROOT = iphoneos;
				SWIFT_ACTIVE_COMPILATION_CONDITIONS = DEBUG;
				SWIFT_OPTIMIZATION_LEVEL = "-Onone";
			};
			name = Debug;
		};
		D9123DD11DB54EE00096A2AE /* Release */ = {
			isa = XCBuildConfiguration;
			buildSettings = {
				ALWAYS_SEARCH_USER_PATHS = NO;
				CLANG_ANALYZER_NONNULL = YES;
				CLANG_CXX_LANGUAGE_STANDARD = "gnu++0x";
				CLANG_CXX_LIBRARY = "libc++";
				CLANG_ENABLE_MODULES = YES;
				CLANG_ENABLE_OBJC_ARC = YES;
				CLANG_WARN_BOOL_CONVERSION = YES;
				CLANG_WARN_CONSTANT_CONVERSION = YES;
				CLANG_WARN_DIRECT_OBJC_ISA_USAGE = YES_ERROR;
				CLANG_WARN_DOCUMENTATION_COMMENTS = YES;
				CLANG_WARN_EMPTY_BODY = YES;
				CLANG_WARN_ENUM_CONVERSION = YES;
				CLANG_WARN_INFINITE_RECURSION = YES;
				CLANG_WARN_INT_CONVERSION = YES;
				CLANG_WARN_OBJC_ROOT_CLASS = YES_ERROR;
				CLANG_WARN_SUSPICIOUS_MOVE = YES;
				CLANG_WARN_SUSPICIOUS_MOVES = YES;
				CLANG_WARN_UNREACHABLE_CODE = YES;
				CLANG_WARN__DUPLICATE_METHOD_MATCH = YES;
				"CODE_SIGN_IDENTITY[sdk=iphoneos*]" = "iPhone Developer";
				COPY_PHASE_STRIP = NO;
				DEBUG_INFORMATION_FORMAT = "dwarf-with-dsym";
				ENABLE_NS_ASSERTIONS = NO;
				ENABLE_STRICT_OBJC_MSGSEND = YES;
				GCC_C_LANGUAGE_STANDARD = gnu99;
				GCC_NO_COMMON_BLOCKS = YES;
				GCC_WARN_64_TO_32_BIT_CONVERSION = YES;
				GCC_WARN_ABOUT_RETURN_TYPE = YES_ERROR;
				GCC_WARN_UNDECLARED_SELECTOR = YES;
				GCC_WARN_UNINITIALIZED_AUTOS = YES_AGGRESSIVE;
				GCC_WARN_UNUSED_FUNCTION = YES;
				GCC_WARN_UNUSED_VARIABLE = YES;
				IPHONEOS_DEPLOYMENT_TARGET = 10.0;
				MTL_ENABLE_DEBUG_INFO = NO;
				SDKROOT = iphoneos;
				SWIFT_OPTIMIZATION_LEVEL = "-Owholemodule";
				VALIDATE_PRODUCT = YES;
			};
			name = Release;
		};
		D9123DD31DB54EE00096A2AE /* Debug */ = {
			isa = XCBuildConfiguration;
			baseConfigurationReference = 5C64087F0DFC1BED6EF2B9FA /* Pods-Neighbourly.debug.xcconfig */;
			buildSettings = {
				ASSETCATALOG_COMPILER_APPICON_NAME = AppIcon;
				CLANG_ENABLE_MODULES = YES;
				CODE_SIGN_ENTITLEMENTS = Neighbourly/Neighbourly.entitlements;
				CODE_SIGN_IDENTITY = "iPhone Developer";
				DEVELOPMENT_TEAM = MV6A58NLUE;
				ENABLE_BITCODE = NO;
				INFOPLIST_FILE = Neighbourly/Info.plist;
				LD_RUNPATH_SEARCH_PATHS = "$(inherited) @executable_path/Frameworks";
				PRODUCT_BUNDLE_IDENTIFIER = com.kidsmoke.Neighbourly;
				PRODUCT_NAME = "$(TARGET_NAME)";
				SWIFT_OBJC_BRIDGING_HEADER = "Neighbourly-Bridging-Header.h";
				SWIFT_OPTIMIZATION_LEVEL = "-Onone";
				SWIFT_VERSION = 3.0;
			};
			name = Debug;
		};
		D9123DD41DB54EE00096A2AE /* Release */ = {
			isa = XCBuildConfiguration;
			baseConfigurationReference = FDC4158A40E04FFF7287ABFE /* Pods-Neighbourly.release.xcconfig */;
			buildSettings = {
				ASSETCATALOG_COMPILER_APPICON_NAME = AppIcon;
				CLANG_ENABLE_MODULES = YES;
				CODE_SIGN_ENTITLEMENTS = Neighbourly/Neighbourly.entitlements;
				CODE_SIGN_IDENTITY = "iPhone Developer";
				"CODE_SIGN_IDENTITY[sdk=iphoneos*]" = "iPhone Distribution";
				DEVELOPMENT_TEAM = MV6A58NLUE;
				ENABLE_BITCODE = NO;
				INFOPLIST_FILE = Neighbourly/Info.plist;
				LD_RUNPATH_SEARCH_PATHS = "$(inherited) @executable_path/Frameworks";
				PRODUCT_BUNDLE_IDENTIFIER = com.kidsmoke.Neighbourly;
				PRODUCT_NAME = "$(TARGET_NAME)";
				SWIFT_OBJC_BRIDGING_HEADER = "Neighbourly-Bridging-Header.h";
				SWIFT_VERSION = 3.0;
			};
			name = Release;
		};
/* End XCBuildConfiguration section */

/* Begin XCConfigurationList section */
		D9123DBB1DB54EE00096A2AE /* Build configuration list for PBXProject "Neighbourly" */ = {
			isa = XCConfigurationList;
			buildConfigurations = (
				D9123DD01DB54EE00096A2AE /* Debug */,
				D9123DD11DB54EE00096A2AE /* Release */,
			);
			defaultConfigurationIsVisible = 0;
			defaultConfigurationName = Release;
		};
		D9123DD21DB54EE00096A2AE /* Build configuration list for PBXNativeTarget "Neighbourly" */ = {
			isa = XCConfigurationList;
			buildConfigurations = (
				D9123DD31DB54EE00096A2AE /* Debug */,
				D9123DD41DB54EE00096A2AE /* Release */,
			);
			defaultConfigurationIsVisible = 0;
			defaultConfigurationName = Release;
		};
/* End XCConfigurationList section */
	};
	rootObject = D9123DB81DB54EE00096A2AE /* Project object */;
}
